<?xml version="1.0" encoding="utf-8"?>
<Project ToolsVersion="4.0" xmlns="http://schemas.microsoft.com/developer/msbuild/2003">
  <ItemGroup>
    <ClCompile Include="..\..\game\Region.cpp">
      <Filter>GameElements</Filter>
    </ClCompile>
    <ClCompile Include="..\..\game\ArbitraryHull.cpp">
      <Filter>Utils</Filter>
    </ClCompile>
    <ClCompile Include="..\..\game\MapProjector.cpp">
      <Filter>Utils</Filter>
    </ClCompile>
    <ClCompile Include="..\..\game\Application.cpp">
      <Filter>Main</Filter>
    </ClCompile>
    <ClCompile Include="..\..\Main.cpp">
      <Filter>Main</Filter>
    </ClCompile>
    <ClCompile Include="..\..\game\RegionInfoLayer.cpp">
      <Filter>Views\GameScene\RegionInfo</Filter>
    </ClCompile>
    <ClCompile Include="..\..\game\GameScene.cpp">
      <Filter>Views\GameScene</Filter>
    </ClCompile>
    <ClCompile Include="..\..\game\WorldMapLayer.cpp">
      <Filter>Views\GameScene\WorldMap</Filter>
    </ClCompile>
    <ClCompile Include="..\..\game\MapGuiLayer.cpp">
      <Filter>Views\GameScene\WorldMap\MapGui</Filter>
    </ClCompile>
    <ClCompile Include="..\..\game\WorldLoader.cpp">
      <Filter>Utils</Filter>
    </ClCompile>
    <ClCompile Include="..\..\game\EditorLayer.cpp">
      <Filter>Views\GameScene\RegionEditor</Filter>
    </ClCompile>
    <ClCompile Include="..\..\game\Point.cpp">
      <Filter>EngineInterface</Filter>
    </ClCompile>
    <ClCompile Include="..\..\game\Cell.cpp">
      <Filter>GameElements</Filter>
    </ClCompile>
    <ClCompile Include="..\..\game\CellScreenLayer.cpp">
      <Filter>Views\GameScene\CellScreen</Filter>
    </ClCompile>
    <ClCompile Include="..\..\game\PlayersProfiles.cpp">
      <Filter>Utils</Filter>
    </ClCompile>
    <ClCompile Include="..\..\game\Color.cpp">
      <Filter>EngineInterface</Filter>
    </ClCompile>
    <ClCompile Include="..\..\game\Drawable.cpp">
      <Filter>EngineInterface</Filter>
    </ClCompile>
    <ClCompile Include="..\..\game\Town.cpp">
      <Filter>GameElements</Filter>
    </ClCompile>
    <ClCompile Include="..\..\game\TownInfoLayer.cpp">
      <Filter>Views\GameScene</Filter>
    </ClCompile>
    <ClCompile Include="..\..\game\World.cpp">
      <Filter>GameElements</Filter>
    </ClCompile>
    <ClCompile Include="..\..\game\Log.cpp">
      <Filter>EngineInterface</Filter>
    </ClCompile>
  </ItemGroup>
  <ItemGroup>
    <ClInclude Include="..\..\game\Region.h">
      <Filter>GameElements</Filter>
    </ClInclude>
    <ClInclude Include="..\..\game\MapProjector.h">
      <Filter>Utils</Filter>
    </ClInclude>
    <ClInclude Include="..\..\game\ArbitraryHull.h">
      <Filter>Utils</Filter>
    </ClInclude>
    <ClInclude Include="..\..\game\Application.h">
      <Filter>Main</Filter>
    </ClInclude>
    <ClInclude Include="..\..\game\RegionInfoLayer.h">
      <Filter>Views\GameScene\RegionInfo</Filter>
    </ClInclude>
    <ClInclude Include="..\..\game\GameScene.h">
      <Filter>Views\GameScene</Filter>
    </ClInclude>
    <ClInclude Include="..\..\game\WorldMapLayer.h">
      <Filter>Views\GameScene\WorldMap</Filter>
    </ClInclude>
    <ClInclude Include="..\..\game\MapGuiLayer.h">
      <Filter>Views\GameScene\WorldMap\MapGui</Filter>
    </ClInclude>
    <ClInclude Include="..\..\game\WorldLoader.h">
      <Filter>Utils</Filter>
    </ClInclude>
    <ClInclude Include="..\..\game\EditorLayer.h">
      <Filter>Views\GameScene\RegionEditor</Filter>
    </ClInclude>
    <ClInclude Include="..\..\game\Point.h">
      <Filter>EngineInterface</Filter>
    </ClInclude>
    <ClInclude Include="..\..\game\Cell.h">
      <Filter>GameElements</Filter>
    </ClInclude>
    <ClInclude Include="..\..\game\CellScreenLayer.h">
      <Filter>Views\GameScene\CellScreen</Filter>
    </ClInclude>
    <ClInclude Include="..\..\game\PlayersProfiles.h">
      <Filter>Utils</Filter>
    </ClInclude>
    <ClInclude Include="..\..\game\Color.h">
      <Filter>EngineInterface</Filter>
    </ClInclude>
    <ClInclude Include="..\..\game\Drawable.h">
      <Filter>EngineInterface</Filter>
    </ClInclude>
    <ClInclude Include="..\..\game\Town.h">
      <Filter>GameElements</Filter>
    </ClInclude>
    <ClInclude Include="..\..\game\TownInfoLayer.h">
      <Filter>Views\GameScene</Filter>
    </ClInclude>
    <ClInclude Include="..\..\game\World.h">
      <Filter>GameElements</Filter>
    </ClInclude>
    <ClInclude Include="..\..\game\Log.h">
      <Filter>EngineInterface</Filter>
    </ClInclude>
  </ItemGroup>
  <ItemGroup>
    <Filter Include="Views">
      <UniqueIdentifier>{5ae674f3-b8d9-4da3-be59-39c075d00d80}</UniqueIdentifier>
    </Filter>
    <Filter Include="GameElements">
      <UniqueIdentifier>{0ff6fc90-8601-4ee7-b165-ffc96ac63649}</UniqueIdentifier>
    </Filter>
    <Filter Include="Main">
      <UniqueIdentifier>{db327942-ac9b-4560-af80-e2b6fb90703e}</UniqueIdentifier>
    </Filter>
    <Filter Include="Views\GameScene">
      <UniqueIdentifier>{f2481a6a-d5ac-43e6-90d2-2eac92c8d374}</UniqueIdentifier>
    </Filter>
    <Filter Include="Views\GameScene\RegionInfo">
      <UniqueIdentifier>{1bb7d8b8-17d3-4f2c-bc89-5c0a1a00cde7}</UniqueIdentifier>
    </Filter>
    <Filter Include="Views\GameScene\WorldMap">
      <UniqueIdentifier>{9b8f517d-19cb-480e-a1d0-701afc93a8d8}</UniqueIdentifier>
    </Filter>
    <Filter Include="Views\GameScene\WorldMap\MapGui">
      <UniqueIdentifier>{53b1e31f-2638-4e7c-a2de-d267c96317dc}</UniqueIdentifier>
    </Filter>
    <Filter Include="Views\GameScene\RegionEditor">
      <UniqueIdentifier>{69e7caf7-bb5f-4b10-9cce-0e3e629f9857}</UniqueIdentifier>
    </Filter>
    <Filter Include="EngineInterface">
      <UniqueIdentifier>{bbfc5f72-2b67-46c5-9bcf-0a4f1608b351}</UniqueIdentifier>
    </Filter>
    <Filter Include="Views\GameScene\CellScreen">
      <UniqueIdentifier>{214bda17-e23d-424e-928c-79c613ed266e}</UniqueIdentifier>
    </Filter>
    <Filter Include="Views\GameScene\WorldMap\GraphicElements">
      <UniqueIdentifier>{1db34c28-aeae-4722-800d-ad66811a0732}</UniqueIdentifier>
    </Filter>
    <Filter Include="Utils">
      <UniqueIdentifier>{d154070b-6a0f-4a6a-ad9c-99fd053e2335}</UniqueIdentifier>
    </Filter>
  </ItemGroup>
</Project>