<?xml version="1.0" encoding="utf-8"?>
<Project ToolsVersion="4.0" xmlns="http://schemas.microsoft.com/developer/msbuild/2003">
  <ItemGroup>
    <Filter Include="win32">
      <UniqueIdentifier>{84a8ebd7-7cf0-47f6-b75e-d441df67da40}</UniqueIdentifier>
    </Filter>
    <Filter Include="Classes">
      <UniqueIdentifier>{bb6c862e-70e9-49d9-81b7-3829a6f50471}</UniqueIdentifier>
    </Filter>
    <Filter Include="resource">
      <UniqueIdentifier>{715254bc-d70b-4ec5-bf29-467dd3ace079}</UniqueIdentifier>
    </Filter>
    <Filter Include="dependencies">
      <UniqueIdentifier>{afa8f829-887f-44a1-81dc-5f87c708fcee}</UniqueIdentifier>
    </Filter>
    <Filter Include="dependencies\pugixml">
      <UniqueIdentifier>{f87ad588-1cb6-446f-8e84-090547919cbf}</UniqueIdentifier>
    </Filter>
    <Filter Include="dependencies\lua">
      <UniqueIdentifier>{add7b705-d304-47e4-ad4b-ac26cf2e061c}</UniqueIdentifier>
    </Filter>
    <Filter Include="dependencies\luabind">
      <UniqueIdentifier>{17439e94-e488-4f40-8735-ed246466a291}</UniqueIdentifier>
    </Filter>
    <Filter Include="Classes\Utils">
      <UniqueIdentifier>{5dfdf271-ecab-40ba-a963-70f89dcc34c1}</UniqueIdentifier>
    </Filter>
    <Filter Include="dependencies\sqlite3">
      <UniqueIdentifier>{25fe8be1-1243-43d7-8e82-ab73407e7ff1}</UniqueIdentifier>
    </Filter>
    <Filter Include="Classes\FileWork">
      <UniqueIdentifier>{ff62ceb8-6bcc-4c67-ae50-4072b1eee285}</UniqueIdentifier>
    </Filter>
    <Filter Include="Classes\Tutorial">
      <UniqueIdentifier>{9e4e419d-0c40-4251-bb2b-bcd429a23561}</UniqueIdentifier>
    </Filter>
    <Filter Include="Classes\Widgets">
      <UniqueIdentifier>{3f3d1764-1e9a-4bec-9957-21ddb4342d53}</UniqueIdentifier>
    </Filter>
    <Filter Include="Classes\Models">
      <UniqueIdentifier>{eca03b8e-c3b9-491b-aaa2-00fc91fe4390}</UniqueIdentifier>
    </Filter>
    <Filter Include="Classes\UI">
      <UniqueIdentifier>{24112e01-a8b7-448a-8d27-f6c22026385b}</UniqueIdentifier>
    </Filter>
    <Filter Include="Classes\Tutorial\Widgets">
      <UniqueIdentifier>{da04a231-f4f6-4af1-9075-ae0d3b875785}</UniqueIdentifier>
    </Filter>
    <Filter Include="Classes\Effects">
      <UniqueIdentifier>{275fa7ce-196f-4e8b-9870-f18f312b3aa7}</UniqueIdentifier>
    </Filter>
  </ItemGroup>
  <ItemGroup>
    <ClCompile Include="main.cpp">
      <Filter>win32</Filter>
    </ClCompile>
    <ClCompile Include="..\Classes\Application.cpp">
      <Filter>Classes</Filter>
    </ClCompile>
    <ClCompile Include="..\Classes\EditorLayer.cpp">
      <Filter>Classes</Filter>
    </ClCompile>
    <ClCompile Include="..\Classes\GameScene.cpp">
      <Filter>Classes</Filter>
    </ClCompile>
    <ClCompile Include="..\dependencies\pugixml-1.4\pugixml.cpp">
      <Filter>dependencies\pugixml</Filter>
    </ClCompile>
    <ClCompile Include="..\Classes\MainMenuScene.cpp">
      <Filter>Classes</Filter>
    </ClCompile>
    <ClCompile Include="..\Classes\SplashScreenScene.cpp">
      <Filter>Classes</Filter>
    </ClCompile>
    <ClCompile Include="..\dependencies\lua-5.1.5\lapi.c">
      <Filter>dependencies\lua</Filter>
    </ClCompile>
    <ClCompile Include="..\dependencies\lua-5.1.5\lauxlib.c">
      <Filter>dependencies\lua</Filter>
    </ClCompile>
    <ClCompile Include="..\dependencies\lua-5.1.5\lbaselib.c">
      <Filter>dependencies\lua</Filter>
    </ClCompile>
    <ClCompile Include="..\dependencies\lua-5.1.5\lcode.c">
      <Filter>dependencies\lua</Filter>
    </ClCompile>
    <ClCompile Include="..\dependencies\lua-5.1.5\ldblib.c">
      <Filter>dependencies\lua</Filter>
    </ClCompile>
    <ClCompile Include="..\dependencies\lua-5.1.5\ldebug.c">
      <Filter>dependencies\lua</Filter>
    </ClCompile>
    <ClCompile Include="..\dependencies\lua-5.1.5\ldo.c">
      <Filter>dependencies\lua</Filter>
    </ClCompile>
    <ClCompile Include="..\dependencies\lua-5.1.5\ldump.c">
      <Filter>dependencies\lua</Filter>
    </ClCompile>
    <ClCompile Include="..\dependencies\lua-5.1.5\lfunc.c">
      <Filter>dependencies\lua</Filter>
    </ClCompile>
    <ClCompile Include="..\dependencies\lua-5.1.5\lgc.c">
      <Filter>dependencies\lua</Filter>
    </ClCompile>
    <ClCompile Include="..\dependencies\lua-5.1.5\linit.c">
      <Filter>dependencies\lua</Filter>
    </ClCompile>
    <ClCompile Include="..\dependencies\lua-5.1.5\liolib.c">
      <Filter>dependencies\lua</Filter>
    </ClCompile>
    <ClCompile Include="..\dependencies\lua-5.1.5\llex.c">
      <Filter>dependencies\lua</Filter>
    </ClCompile>
    <ClCompile Include="..\dependencies\lua-5.1.5\lmathlib.c">
      <Filter>dependencies\lua</Filter>
    </ClCompile>
    <ClCompile Include="..\dependencies\lua-5.1.5\lmem.c">
      <Filter>dependencies\lua</Filter>
    </ClCompile>
    <ClCompile Include="..\dependencies\lua-5.1.5\loadlib.c">
      <Filter>dependencies\lua</Filter>
    </ClCompile>
    <ClCompile Include="..\dependencies\lua-5.1.5\lobject.c">
      <Filter>dependencies\lua</Filter>
    </ClCompile>
    <ClCompile Include="..\dependencies\lua-5.1.5\lopcodes.c">
      <Filter>dependencies\lua</Filter>
    </ClCompile>
    <ClCompile Include="..\dependencies\lua-5.1.5\loslib.c">
      <Filter>dependencies\lua</Filter>
    </ClCompile>
    <ClCompile Include="..\dependencies\lua-5.1.5\lparser.c">
      <Filter>dependencies\lua</Filter>
    </ClCompile>
    <ClCompile Include="..\dependencies\lua-5.1.5\lstate.c">
      <Filter>dependencies\lua</Filter>
    </ClCompile>
    <ClCompile Include="..\dependencies\lua-5.1.5\lstring.c">
      <Filter>dependencies\lua</Filter>
    </ClCompile>
    <ClCompile Include="..\dependencies\lua-5.1.5\lstrlib.c">
      <Filter>dependencies\lua</Filter>
    </ClCompile>
    <ClCompile Include="..\dependencies\lua-5.1.5\ltable.c">
      <Filter>dependencies\lua</Filter>
    </ClCompile>
    <ClCompile Include="..\dependencies\lua-5.1.5\ltablib.c">
      <Filter>dependencies\lua</Filter>
    </ClCompile>
    <ClCompile Include="..\dependencies\lua-5.1.5\ltm.c">
      <Filter>dependencies\lua</Filter>
    </ClCompile>
    <ClCompile Include="..\dependencies\lua-5.1.5\lundump.c">
      <Filter>dependencies\lua</Filter>
    </ClCompile>
    <ClCompile Include="..\dependencies\lua-5.1.5\lvm.c">
      <Filter>dependencies\lua</Filter>
    </ClCompile>
    <ClCompile Include="..\dependencies\lua-5.1.5\lzio.c">
      <Filter>dependencies\lua</Filter>
    </ClCompile>
    <ClCompile Include="..\dependencies\lua-5.1.5\print.c">
      <Filter>dependencies\lua</Filter>
    </ClCompile>
    <ClCompile Include="..\dependencies\luabind-0.9.1\src\class.cpp">
      <Filter>dependencies\luabind</Filter>
    </ClCompile>
    <ClCompile Include="..\dependencies\luabind-0.9.1\src\class_info.cpp">
      <Filter>dependencies\luabind</Filter>
    </ClCompile>
    <ClCompile Include="..\dependencies\luabind-0.9.1\src\class_registry.cpp">
      <Filter>dependencies\luabind</Filter>
    </ClCompile>
    <ClCompile Include="..\dependencies\luabind-0.9.1\src\class_rep.cpp">
      <Filter>dependencies\luabind</Filter>
    </ClCompile>
    <ClCompile Include="..\dependencies\luabind-0.9.1\src\create_class.cpp">
      <Filter>dependencies\luabind</Filter>
    </ClCompile>
    <ClCompile Include="..\dependencies\luabind-0.9.1\src\error.cpp">
      <Filter>dependencies\luabind</Filter>
    </ClCompile>
    <ClCompile Include="..\dependencies\luabind-0.9.1\src\exception_handler.cpp">
      <Filter>dependencies\luabind</Filter>
    </ClCompile>
    <ClCompile Include="..\dependencies\luabind-0.9.1\src\function.cpp">
      <Filter>dependencies\luabind</Filter>
    </ClCompile>
    <ClCompile Include="..\dependencies\luabind-0.9.1\src\inheritance.cpp">
      <Filter>dependencies\luabind</Filter>
    </ClCompile>
    <ClCompile Include="..\dependencies\luabind-0.9.1\src\link_compatibility.cpp">
      <Filter>dependencies\luabind</Filter>
    </ClCompile>
    <ClCompile Include="..\dependencies\luabind-0.9.1\src\object_rep.cpp">
      <Filter>dependencies\luabind</Filter>
    </ClCompile>
    <ClCompile Include="..\dependencies\luabind-0.9.1\src\open.cpp">
      <Filter>dependencies\luabind</Filter>
    </ClCompile>
    <ClCompile Include="..\dependencies\luabind-0.9.1\src\pcall.cpp">
      <Filter>dependencies\luabind</Filter>
    </ClCompile>
    <ClCompile Include="..\dependencies\luabind-0.9.1\src\scope.cpp">
      <Filter>dependencies\luabind</Filter>
    </ClCompile>
    <ClCompile Include="..\dependencies\luabind-0.9.1\src\stack_content_by_name.cpp">
      <Filter>dependencies\luabind</Filter>
    </ClCompile>
    <ClCompile Include="..\dependencies\luabind-0.9.1\src\weak_ref.cpp">
      <Filter>dependencies\luabind</Filter>
    </ClCompile>
    <ClCompile Include="..\dependencies\luabind-0.9.1\src\wrapper_base.cpp">
      <Filter>dependencies\luabind</Filter>
    </ClCompile>
    <ClCompile Include="..\Classes\Color.cpp">
      <Filter>Classes\Utils</Filter>
    </ClCompile>
    <ClCompile Include="..\Classes\ArbitraryHull.cpp">
      <Filter>Classes\Utils</Filter>
    </ClCompile>
    <ClCompile Include="..\Classes\Drawable.cpp">
      <Filter>Classes\Utils</Filter>
    </ClCompile>
    <ClCompile Include="..\Classes\Log.cpp">
      <Filter>Classes\Utils</Filter>
    </ClCompile>
    <ClCompile Include="..\Classes\ProgressBar.cpp">
      <Filter>Classes\Utils</Filter>
    </ClCompile>
    <ClCompile Include="..\Classes\Vector2.cpp">
      <Filter>Classes\Utils</Filter>
    </ClCompile>
    <ClCompile Include="..\Classes\TransitionZoomFade.cpp">
      <Filter>Classes\Utils</Filter>
    </ClCompile>
    <ClCompile Include="..\Classes\UserMessage.cpp">
      <Filter>Classes\UI</Filter>
    </ClCompile>
    <ClCompile Include="..\Classes\GameInfo.cpp">
      <Filter>Classes</Filter>
    </ClCompile>
    <ClCompile Include="..\Classes\MiscUtils.cpp">
      <Filter>Classes\Utils</Filter>
    </ClCompile>
    <ClCompile Include="..\Classes\LuaInstance.cpp">
      <Filter>Classes</Filter>
    </ClCompile>
    <ClCompile Include="..\Classes\LuaBindings.cpp">
      <Filter>Classes</Filter>
    </ClCompile>
    <ClCompile Include="..\Classes\SessionEndScreen.cpp">
      <Filter>Classes</Filter>
    </ClCompile>
    <ClCompile Include="..\Classes\NotificationMessageLayer.cpp">
      <Filter>Classes\UI</Filter>
    </ClCompile>
    <ClCompile Include="..\Classes\NotificationMessageWidget.cpp">
      <Filter>Classes\UI</Filter>
    </ClCompile>
    <ClCompile Include="..\Classes\NotificationMessageManager.cpp">
      <Filter>Classes\UI</Filter>
    </ClCompile>
    <ClCompile Include="..\Classes\MessageManager.cpp">
      <Filter>Classes</Filter>
    </ClCompile>
    <ClCompile Include="..\dependencies\sqlite3-3.8.7\shell.c">
      <Filter>dependencies\sqlite3</Filter>
    </ClCompile>
    <ClCompile Include="..\dependencies\sqlite3-3.8.7\sqlite3.c">
      <Filter>dependencies\sqlite3</Filter>
    </ClCompile>
    <ClCompile Include="..\Classes\Cell.cpp">
      <Filter>Classes\Models</Filter>
    </ClCompile>
    <ClCompile Include="..\Classes\Investigator.cpp">
      <Filter>Classes\Models</Filter>
    </ClCompile>
    <ClCompile Include="..\Classes\Task.cpp">
      <Filter>Classes\Models</Filter>
    </ClCompile>
    <ClCompile Include="..\Classes\CellsNetwork.cpp">
      <Filter>Classes\Models</Filter>
    </ClCompile>
    <ClCompile Include="..\Classes\Region.cpp">
      <Filter>Classes\Models</Filter>
    </ClCompile>
    <ClCompile Include="..\Classes\TaskManager.cpp">
      <Filter>Classes\Models</Filter>
    </ClCompile>
    <ClCompile Include="..\Classes\Town.cpp">
      <Filter>Classes\Models</Filter>
    </ClCompile>
    <ClCompile Include="..\Classes\World.cpp">
      <Filter>Classes\Models</Filter>
    </ClCompile>
    <ClCompile Include="..\Classes\MapProjector.cpp">
      <Filter>Classes\Widgets</Filter>
    </ClCompile>
    <ClCompile Include="..\Classes\TownMapWidget.cpp">
      <Filter>Classes\Widgets</Filter>
    </ClCompile>
    <ClCompile Include="..\Classes\WorldMapLayer.cpp">
      <Filter>Classes\Widgets</Filter>
    </ClCompile>
    <ClCompile Include="..\Classes\InvestigatorMapWidget.cpp">
      <Filter>Classes\Widgets</Filter>
    </ClCompile>
    <ClCompile Include="..\Classes\CellMapWidget.cpp">
      <Filter>Classes\Widgets</Filter>
    </ClCompile>
    <ClCompile Include="..\Classes\GameSavesManager.cpp">
      <Filter>Classes\FileWork</Filter>
    </ClCompile>
    <ClCompile Include="..\Classes\SqliteConnection.cpp">
      <Filter>Classes\FileWork</Filter>
    </ClCompile>
    <ClCompile Include="..\Classes\SqliteDataReader.cpp">
      <Filter>Classes\FileWork</Filter>
    </ClCompile>
    <ClCompile Include="..\Classes\WorldLoader.cpp">
      <Filter>Classes\FileWork</Filter>
    </ClCompile>
    <ClCompile Include="..\Classes\Localization.cpp">
      <Filter>Classes</Filter>
    </ClCompile>
    <ClCompile Include="..\Classes\TaskRewardMapWidget.cpp">
      <Filter>Classes\Widgets</Filter>
    </ClCompile>
    <ClCompile Include="..\Classes\BonusOnMap.cpp">
      <Filter>Classes\Models</Filter>
    </ClCompile>
    <ClCompile Include="..\Classes\BonusMapWidget.cpp">
      <Filter>Classes\Widgets</Filter>
    </ClCompile>
    <ClCompile Include="..\Classes\MultipleImageSprite.cpp">
      <Filter>Classes\Utils</Filter>
    </ClCompile>
    <ClCompile Include="..\Classes\Spline.cpp">
      <Filter>Classes\Utils</Filter>
    </ClCompile>
    <ClCompile Include="..\Classes\StripEffect.cpp">
      <Filter>Classes\Utils</Filter>
    </ClCompile>
    <ClCompile Include="..\Classes\SpinoffDragAndDrop.cpp">
      <Filter>Classes\Widgets</Filter>
    </ClCompile>
    <ClCompile Include="..\Classes\RelinkDragAndDrop.cpp">
      <Filter>Classes\Widgets</Filter>
    </ClCompile>
    <ClCompile Include="..\Classes\TutorialLayer.cpp">
      <Filter>Classes\Tutorial</Filter>
    </ClCompile>
    <ClCompile Include="..\Classes\TutorialWidget.cpp">
      <Filter>Classes\Tutorial</Filter>
    </ClCompile>
    <ClCompile Include="..\Classes\TutorialManager.cpp">
      <Filter>Classes\Tutorial</Filter>
    </ClCompile>
    <ClCompile Include="..\Classes\ScreenBlackoutWidget.cpp">
      <Filter>Classes\Tutorial</Filter>
    </ClCompile>
    <ClCompile Include="..\Classes\TutorialWidgetWelcome.cpp">
      <Filter>Classes\Tutorial\Widgets</Filter>
    </ClCompile>
    <ClCompile Include="..\Classes\TutorialWidgetFirstCell.cpp">
      <Filter>Classes\Tutorial\Widgets</Filter>
    </ClCompile>
    <ClCompile Include="..\Classes\TutorialWidgetAfterFirstCell.cpp">
      <Filter>Classes\Tutorial\Widgets</Filter>
    </ClCompile>
    <ClCompile Include="..\Classes\TutorialWidgetStartFirstTask.cpp">
      <Filter>Classes\Tutorial\Widgets</Filter>
    </ClCompile>
    <ClCompile Include="..\Classes\TutorialWidgetTextual.cpp">
      <Filter>Classes\Tutorial\Widgets</Filter>
    </ClCompile>
    <ClCompile Include="..\Classes\TutorialWidgetSpinoff.cpp">
      <Filter>Classes\Tutorial\Widgets</Filter>
    </ClCompile>
    <ClCompile Include="..\Classes\TutorialWidgetInvestigationStarted.cpp">
      <Filter>Classes\Tutorial\Widgets</Filter>
    </ClCompile>
    <ClCompile Include="..\Classes\ThreadUtils.cpp">
      <Filter>Classes\Utils</Filter>
    </ClCompile>
    <ClCompile Include="..\Classes\InvestigatorTapButton.cpp">
      <Filter>Classes\Widgets</Filter>
    </ClCompile>
    <ClCompile Include="..\Classes\TutorialWidgetInfluence.cpp">
      <Filter>Classes\Tutorial\Widgets</Filter>
    </ClCompile>
    <ClCompile Include="..\Classes\TutorialWidgetInvestigatorUncatched.cpp">
      <Filter>Classes\Tutorial\Widgets</Filter>
    </ClCompile>
    <ClCompile Include="..\Classes\EffectsLayer.cpp">
      <Filter>Classes\Effects</Filter>
    </ClCompile>
    <ClCompile Include="..\Classes\PopUpTextWithIcon.cpp">
      <Filter>Classes\Effects</Filter>
    </ClCompile>
    <ClCompile Include="..\Classes\GameInterface.cpp">
      <Filter>Classes\UI</Filter>
    </ClCompile>
    <ClCompile Include="..\Classes\CellRadialMenu.cpp">
      <Filter>Classes\UI</Filter>
    </ClCompile>
    <ClCompile Include="..\Classes\HudWidget.cpp">
      <Filter>Classes\UI</Filter>
    </ClCompile>
    <ClCompile Include="..\Classes\TasksMenuWidget.cpp">
      <Filter>Classes\UI</Filter>
    </ClCompile>
    <ClCompile Include="..\Classes\TasksListWidget.cpp">
      <Filter>Classes\UI</Filter>
    </ClCompile>
    <ClCompile Include="..\Classes\TaskStartButton.cpp">
      <Filter>Classes\UI</Filter>
    </ClCompile>
    <ClCompile Include="..\Classes\MemberWidget.cpp">
      <Filter>Classes\UI</Filter>
    </ClCompile>
    <ClCompile Include="..\Classes\MembersPage.cpp">
      <Filter>Classes\UI</Filter>
    </ClCompile>
    <ClCompile Include="..\Classes\MemberMover.cpp">
      <Filter>Classes\UI</Filter>
    </ClCompile>
    <ClCompile Include="..\Classes\Member.cpp">
      <Filter>Classes\Models</Filter>
    </ClCompile>
    <ClCompile Include="..\Classes\LevelUpEffect.cpp">
      <Filter>Classes\Effects</Filter>
    </ClCompile>
    <ClCompile Include="..\Classes\VisualEffect.cpp">
      <Filter>Classes\Effects</Filter>
    </ClCompile>
  </ItemGroup>
  <ItemGroup>
    <ClInclude Include="main.h">
      <Filter>win32</Filter>
    </ClInclude>
    <ClInclude Include="..\Classes\Application.h">
      <Filter>Classes</Filter>
    </ClInclude>
    <ClInclude Include="..\Classes\EditorLayer.h">
      <Filter>Classes</Filter>
    </ClInclude>
    <ClInclude Include="..\Classes\GameScene.h">
      <Filter>Classes</Filter>
    </ClInclude>
    <ClInclude Include="..\dependencies\pugixml-1.4\pugiconfig.hpp">
      <Filter>dependencies\pugixml</Filter>
    </ClInclude>
    <ClInclude Include="..\dependencies\pugixml-1.4\pugixml.hpp">
      <Filter>dependencies\pugixml</Filter>
    </ClInclude>
    <ClInclude Include="..\Classes\MainMenuScene.h">
      <Filter>Classes</Filter>
    </ClInclude>
    <ClInclude Include="..\Classes\SplashScreenScene.h">
      <Filter>Classes</Filter>
    </ClInclude>
    <ClInclude Include="..\dependencies\lua-5.1.5\lapi.h">
      <Filter>dependencies\lua</Filter>
    </ClInclude>
    <ClInclude Include="..\dependencies\lua-5.1.5\lauxlib.h">
      <Filter>dependencies\lua</Filter>
    </ClInclude>
    <ClInclude Include="..\dependencies\lua-5.1.5\lcode.h">
      <Filter>dependencies\lua</Filter>
    </ClInclude>
    <ClInclude Include="..\dependencies\lua-5.1.5\ldebug.h">
      <Filter>dependencies\lua</Filter>
    </ClInclude>
    <ClInclude Include="..\dependencies\lua-5.1.5\ldo.h">
      <Filter>dependencies\lua</Filter>
    </ClInclude>
    <ClInclude Include="..\dependencies\lua-5.1.5\lfunc.h">
      <Filter>dependencies\lua</Filter>
    </ClInclude>
    <ClInclude Include="..\dependencies\lua-5.1.5\lgc.h">
      <Filter>dependencies\lua</Filter>
    </ClInclude>
    <ClInclude Include="..\dependencies\lua-5.1.5\llex.h">
      <Filter>dependencies\lua</Filter>
    </ClInclude>
    <ClInclude Include="..\dependencies\lua-5.1.5\llimits.h">
      <Filter>dependencies\lua</Filter>
    </ClInclude>
    <ClInclude Include="..\dependencies\lua-5.1.5\lmem.h">
      <Filter>dependencies\lua</Filter>
    </ClInclude>
    <ClInclude Include="..\dependencies\lua-5.1.5\lobject.h">
      <Filter>dependencies\lua</Filter>
    </ClInclude>
    <ClInclude Include="..\dependencies\lua-5.1.5\lopcodes.h">
      <Filter>dependencies\lua</Filter>
    </ClInclude>
    <ClInclude Include="..\dependencies\lua-5.1.5\lparser.h">
      <Filter>dependencies\lua</Filter>
    </ClInclude>
    <ClInclude Include="..\dependencies\lua-5.1.5\lstate.h">
      <Filter>dependencies\lua</Filter>
    </ClInclude>
    <ClInclude Include="..\dependencies\lua-5.1.5\lstring.h">
      <Filter>dependencies\lua</Filter>
    </ClInclude>
    <ClInclude Include="..\dependencies\lua-5.1.5\ltable.h">
      <Filter>dependencies\lua</Filter>
    </ClInclude>
    <ClInclude Include="..\dependencies\lua-5.1.5\ltm.h">
      <Filter>dependencies\lua</Filter>
    </ClInclude>
    <ClInclude Include="..\dependencies\lua-5.1.5\lua.h">
      <Filter>dependencies\lua</Filter>
    </ClInclude>
    <ClInclude Include="..\dependencies\lua-5.1.5\luaconf.h">
      <Filter>dependencies\lua</Filter>
    </ClInclude>
    <ClInclude Include="..\dependencies\lua-5.1.5\lualib.h">
      <Filter>dependencies\lua</Filter>
    </ClInclude>
    <ClInclude Include="..\dependencies\lua-5.1.5\lundump.h">
      <Filter>dependencies\lua</Filter>
    </ClInclude>
    <ClInclude Include="..\dependencies\lua-5.1.5\lvm.h">
      <Filter>dependencies\lua</Filter>
    </ClInclude>
    <ClInclude Include="..\dependencies\lua-5.1.5\lzio.h">
      <Filter>dependencies\lua</Filter>
    </ClInclude>
    <ClInclude Include="..\Classes\ArbitraryHull.h">
      <Filter>Classes\Utils</Filter>
    </ClInclude>
    <ClInclude Include="..\Classes\Color.h">
      <Filter>Classes\Utils</Filter>
    </ClInclude>
    <ClInclude Include="..\Classes\Drawable.h">
      <Filter>Classes\Utils</Filter>
    </ClInclude>
    <ClInclude Include="..\Classes\Log.h">
      <Filter>Classes\Utils</Filter>
    </ClInclude>
    <ClInclude Include="..\Classes\ProgressBar.h">
      <Filter>Classes\Utils</Filter>
    </ClInclude>
    <ClInclude Include="..\Classes\Vector2.h">
      <Filter>Classes\Utils</Filter>
    </ClInclude>
    <ClInclude Include="..\Classes\TransitionZoomFade.h">
      <Filter>Classes\Utils</Filter>
    </ClInclude>
    <ClInclude Include="..\Classes\UserMessage.h">
      <Filter>Classes\UI</Filter>
    </ClInclude>
    <ClInclude Include="..\Classes\GameInfo.h">
      <Filter>Classes</Filter>
    </ClInclude>
    <ClInclude Include="..\Classes\MiscUtils.h">
      <Filter>Classes\Utils</Filter>
    </ClInclude>
    <ClInclude Include="..\Classes\LuaInstance.h">
      <Filter>Classes</Filter>
    </ClInclude>
    <ClInclude Include="..\Classes\SessionEndScreen.h">
      <Filter>Classes</Filter>
    </ClInclude>
    <ClInclude Include="..\Classes\NotificationMessageLayer.h">
      <Filter>Classes\UI</Filter>
    </ClInclude>
    <ClInclude Include="..\Classes\NotificationMessageWidget.h">
      <Filter>Classes\UI</Filter>
    </ClInclude>
    <ClInclude Include="..\Classes\NotificationMessageManager.h">
      <Filter>Classes\UI</Filter>
    </ClInclude>
    <ClInclude Include="..\Classes\MessageManager.h">
      <Filter>Classes</Filter>
    </ClInclude>
    <ClInclude Include="..\dependencies\sqlite3-3.8.7\sqlite3.h">
      <Filter>dependencies\sqlite3</Filter>
    </ClInclude>
    <ClInclude Include="..\dependencies\sqlite3-3.8.7\sqlite3ext.h">
      <Filter>dependencies\sqlite3</Filter>
    </ClInclude>
    <ClInclude Include="..\Classes\Cell.h">
      <Filter>Classes\Models</Filter>
    </ClInclude>
    <ClInclude Include="..\Classes\Investigator.h">
      <Filter>Classes\Models</Filter>
    </ClInclude>
    <ClInclude Include="..\Classes\Task.h">
      <Filter>Classes\Models</Filter>
    </ClInclude>
    <ClInclude Include="..\Classes\CellsNetwork.h">
      <Filter>Classes\Models</Filter>
    </ClInclude>
    <ClInclude Include="..\Classes\Region.h">
      <Filter>Classes\Models</Filter>
    </ClInclude>
    <ClInclude Include="..\Classes\TaskManager.h">
      <Filter>Classes\Models</Filter>
    </ClInclude>
    <ClInclude Include="..\Classes\Town.h">
      <Filter>Classes\Models</Filter>
    </ClInclude>
    <ClInclude Include="..\Classes\World.h">
      <Filter>Classes\Models</Filter>
    </ClInclude>
    <ClInclude Include="..\Classes\MapProjector.h">
      <Filter>Classes\Widgets</Filter>
    </ClInclude>
    <ClInclude Include="..\Classes\TownMapWidget.h">
      <Filter>Classes\Widgets</Filter>
    </ClInclude>
    <ClInclude Include="..\Classes\WorldMapLayer.h">
      <Filter>Classes\Widgets</Filter>
    </ClInclude>
    <ClInclude Include="..\Classes\InvestigatorMapWidget.h">
      <Filter>Classes\Widgets</Filter>
    </ClInclude>
    <ClInclude Include="..\Classes\CellMapWidget.h">
      <Filter>Classes\Widgets</Filter>
    </ClInclude>
    <ClInclude Include="..\Classes\DbConnection.h">
      <Filter>Classes\FileWork</Filter>
    </ClInclude>
    <ClInclude Include="..\Classes\GameSavesManager.h">
      <Filter>Classes\FileWork</Filter>
    </ClInclude>
    <ClInclude Include="..\Classes\SqlDataReader.h">
      <Filter>Classes\FileWork</Filter>
    </ClInclude>
    <ClInclude Include="..\Classes\SqliteConnection.h">
      <Filter>Classes\FileWork</Filter>
    </ClInclude>
    <ClInclude Include="..\Classes\SqliteDataReader.h">
      <Filter>Classes\FileWork</Filter>
    </ClInclude>
    <ClInclude Include="..\Classes\WorldLoader.h">
      <Filter>Classes\FileWork</Filter>
    </ClInclude>
    <ClInclude Include="..\Classes\Localization.h">
      <Filter>Classes</Filter>
    </ClInclude>
    <ClInclude Include="..\Classes\TaskRewardMapWidget.h">
      <Filter>Classes\Widgets</Filter>
    </ClInclude>
    <ClInclude Include="..\Classes\BonusOnMap.h">
      <Filter>Classes\Models</Filter>
    </ClInclude>
    <ClInclude Include="..\Classes\BonusMapWidget.h">
      <Filter>Classes\Widgets</Filter>
    </ClInclude>
    <ClInclude Include="..\Classes\MultipleImageSprite.h">
      <Filter>Classes\Utils</Filter>
    </ClInclude>
    <ClInclude Include="..\Classes\Spline.h">
      <Filter>Classes\Utils</Filter>
    </ClInclude>
    <ClInclude Include="..\Classes\StripEffect.h">
      <Filter>Classes\Utils</Filter>
    </ClInclude>
    <ClInclude Include="..\Classes\SpinoffDragAndDrop.h">
      <Filter>Classes\Widgets</Filter>
    </ClInclude>
    <ClInclude Include="..\Classes\RelinkDragAndDrop.h">
      <Filter>Classes\Widgets</Filter>
    </ClInclude>
    <ClInclude Include="..\Classes\TutorialLayer.h">
      <Filter>Classes\Tutorial</Filter>
    </ClInclude>
    <ClInclude Include="..\Classes\TutorialWidget.h">
      <Filter>Classes\Tutorial</Filter>
    </ClInclude>
    <ClInclude Include="..\Classes\Tutorial.h">
      <Filter>Classes\Tutorial</Filter>
    </ClInclude>
    <ClInclude Include="..\Classes\TutorialManager.h">
      <Filter>Classes\Tutorial</Filter>
    </ClInclude>
    <ClInclude Include="..\Classes\ScreenBlackoutWidget.h">
      <Filter>Classes\Tutorial</Filter>
    </ClInclude>
    <ClInclude Include="..\Classes\TutorialWidgetWelcome.h">
      <Filter>Classes\Tutorial\Widgets</Filter>
    </ClInclude>
    <ClInclude Include="..\Classes\TutorialWidgetFirstCell.h">
      <Filter>Classes\Tutorial\Widgets</Filter>
    </ClInclude>
    <ClInclude Include="..\Classes\TutorialWidgetAfterFirstCell.h">
      <Filter>Classes\Tutorial\Widgets</Filter>
    </ClInclude>
    <ClInclude Include="..\Classes\TutorialWidgetStartFirstTask.h">
      <Filter>Classes\Tutorial\Widgets</Filter>
    </ClInclude>
    <ClInclude Include="..\Classes\TutorialWidgetTextual.h">
      <Filter>Classes\Tutorial\Widgets</Filter>
    </ClInclude>
    <ClInclude Include="..\Classes\TutorialWidgetSpinoff.h">
      <Filter>Classes\Tutorial\Widgets</Filter>
    </ClInclude>
    <ClInclude Include="..\Classes\TutorialWidgetInvestigationStarted.h">
      <Filter>Classes\Tutorial\Widgets</Filter>
    </ClInclude>
    <ClInclude Include="..\Classes\ThreadUtils.h">
      <Filter>Classes\Utils</Filter>
    </ClInclude>
    <ClInclude Include="..\Classes\InvestigatorTapButton.h">
      <Filter>Classes\Widgets</Filter>
    </ClInclude>
    <ClInclude Include="..\Classes\TutorialWidgetInfluence.h">
      <Filter>Classes\Tutorial\Widgets</Filter>
    </ClInclude>
    <ClInclude Include="..\Classes\TutorialWidgetInvestigatorUncatched.h">
      <Filter>Classes\Tutorial\Widgets</Filter>
    </ClInclude>
    <ClInclude Include="..\Classes\ResourceCache.h">
      <Filter>Classes\Utils</Filter>
    </ClInclude>
    <ClInclude Include="..\Classes\PopUpTextWithIcon.h">
      <Filter>Classes\Effects</Filter>
    </ClInclude>
    <ClInclude Include="..\Classes\EffectsLayer.h">
      <Filter>Classes\Effects</Filter>
    </ClInclude>
    <ClInclude Include="..\Classes\GameInterface.h">
      <Filter>Classes\UI</Filter>
    </ClInclude>
    <ClInclude Include="..\Classes\CellRadialMenu.h">
      <Filter>Classes\UI</Filter>
    </ClInclude>
    <ClInclude Include="..\Classes\HudWidget.h">
      <Filter>Classes\UI</Filter>
    </ClInclude>
    <ClInclude Include="..\Classes\TasksMenuWidget.h">
      <Filter>Classes\UI</Filter>
    </ClInclude>
    <ClInclude Include="..\Classes\TasksListWidget.h">
      <Filter>Classes\UI</Filter>
    </ClInclude>
    <ClInclude Include="..\Classes\TaskStartButton.h">
      <Filter>Classes\UI</Filter>
    </ClInclude>
    <ClInclude Include="..\Classes\MemberWidget.h">
      <Filter>Classes\UI</Filter>
    </ClInclude>
    <ClInclude Include="..\Classes\MembersPage.h">
      <Filter>Classes\UI</Filter>
    </ClInclude>
    <ClInclude Include="..\Classes\MemberMover.h">
      <Filter>Classes\UI</Filter>
    </ClInclude>
    <ClInclude Include="..\Classes\Member.h">
      <Filter>Classes\Models</Filter>
    </ClInclude>
    <ClInclude Include="..\Classes\Resources.h">
      <Filter>Classes\Models</Filter>
    </ClInclude>
    <ClInclude Include="..\Classes\LevelUpEffect.h">
      <Filter>Classes\Effects</Filter>
    </ClInclude>
    <ClInclude Include="..\Classes\VisualEffect.h">
      <Filter>Classes\Effects</Filter>
    </ClInclude>
  </ItemGroup>
  <ItemGroup>
    <ResourceCompile Include="game.rc">
      <Filter>resource</Filter>
    </ResourceCompile>
  </ItemGroup>
  <ItemGroup>
    <None Include="..\dependencies\lua-5.1.5\Makefile">
      <Filter>dependencies\lua</Filter>
    </None>
  </ItemGroup>
</Project>